// !$*UTF8*$!
{
	archiveVersion = 1;
	classes = {
	};
	objectVersion = 56;
	objects = {

/* Begin PBXBuildFile section */
		3070DEC22A79266F000F73C6 /* CuritriviaApp.swift in Sources */ = {isa = PBXBuildFile; fileRef = 3070DEC12A79266F000F73C6 /* CuritriviaApp.swift */; };
		3070DEC92A79266F000F73C6 /* Preview Assets.xcassets in Resources */ = {isa = PBXBuildFile; fileRef = 3070DEC82A79266F000F73C6 /* Preview Assets.xcassets */; };
		3070DED32A792670000F73C6 /* CuritriviaTests.swift in Sources */ = {isa = PBXBuildFile; fileRef = 3070DED22A792670000F73C6 /* CuritriviaTests.swift */; };
		3070DEDD2A792670000F73C6 /* CuritriviaUITests.swift in Sources */ = {isa = PBXBuildFile; fileRef = 3070DEDC2A792670000F73C6 /* CuritriviaUITests.swift */; };
		3070DEDF2A792670000F73C6 /* CuritriviaUITestsLaunchTests.swift in Sources */ = {isa = PBXBuildFile; fileRef = 3070DEDE2A792670000F73C6 /* CuritriviaUITestsLaunchTests.swift */; };
		3070DEF02A7930AD000F73C6 /* Menu.swift in Sources */ = {isa = PBXBuildFile; fileRef = 3070DEEF2A7930AD000F73C6 /* Menu.swift */; };
		3070DEF42A7930DF000F73C6 /* ContentView.swift in Sources */ = {isa = PBXBuildFile; fileRef = 3070DEF32A7930DF000F73C6 /* ContentView.swift */; };
		3070DEF72A793928000F73C6 /* Model.swift in Sources */ = {isa = PBXBuildFile; fileRef = 3070DEF62A793928000F73C6 /* Model.swift */; };
		3070DEF92A793D3E000F73C6 /* Play.swift in Sources */ = {isa = PBXBuildFile; fileRef = 3070DEF82A793D3E000F73C6 /* Play.swift */; };
		309D82882A7980320040471D /* QuestionView.swift in Sources */ = {isa = PBXBuildFile; fileRef = 309D82872A7980320040471D /* QuestionView.swift */; };
		309D828A2A799D170040471D /* StatsView.swift in Sources */ = {isa = PBXBuildFile; fileRef = 309D82892A799D170040471D /* StatsView.swift */; };
		30A6495A2A79BBE400B3E0ED /* QuestionRepository.swift in Sources */ = {isa = PBXBuildFile; fileRef = 30A649592A79BBE400B3E0ED /* QuestionRepository.swift */; };
		30A6495E2A7AD33F00B3E0ED /* Assets.xcassets in Resources */ = {isa = PBXBuildFile; fileRef = 30A6495D2A7AD33F00B3E0ED /* Assets.xcassets */; };
		30A649622A7BD7B400B3E0ED /* RankingView.swift in Sources */ = {isa = PBXBuildFile; fileRef = 30A649612A7BD7B400B3E0ED /* RankingView.swift */; };
		30A649642A7BDCB800B3E0ED /* RankingManager.swift in Sources */ = {isa = PBXBuildFile; fileRef = 30A649632A7BDCB800B3E0ED /* RankingManager.swift */; };
/* End PBXBuildFile section */

/* Begin PBXContainerItemProxy section */
		3070DECF2A792670000F73C6 /* PBXContainerItemProxy */ = {
			isa = PBXContainerItemProxy;
			containerPortal = 3070DEB62A79266E000F73C6 /* Project object */;
			proxyType = 1;
			remoteGlobalIDString = 3070DEBD2A79266E000F73C6;
			remoteInfo = Curitrivia;
		};
		3070DED92A792670000F73C6 /* PBXContainerItemProxy */ = {
			isa = PBXContainerItemProxy;
			containerPortal = 3070DEB62A79266E000F73C6 /* Project object */;
			proxyType = 1;
			remoteGlobalIDString = 3070DEBD2A79266E000F73C6;
			remoteInfo = Curitrivia;
		};
/* End PBXContainerItemProxy section */

/* Begin PBXFileReference section */
		3070DEBE2A79266F000F73C6 /* Curitrivia.app */ = {isa = PBXFileReference; explicitFileType = wrapper.application; includeInIndex = 0; path = Curitrivia.app; sourceTree = BUILT_PRODUCTS_DIR; };
		3070DEC12A79266F000F73C6 /* CuritriviaApp.swift */ = {isa = PBXFileReference; lastKnownFileType = sourcecode.swift; path = CuritriviaApp.swift; sourceTree = "<group>"; };
		3070DEC82A79266F000F73C6 /* Preview Assets.xcassets */ = {isa = PBXFileReference; lastKnownFileType = folder.assetcatalog; path = "Preview Assets.xcassets"; sourceTree = "<group>"; };
		3070DECE2A792670000F73C6 /* CuritriviaTests.xctest */ = {isa = PBXFileReference; explicitFileType = wrapper.cfbundle; includeInIndex = 0; path = CuritriviaTests.xctest; sourceTree = BUILT_PRODUCTS_DIR; };
		3070DED22A792670000F73C6 /* CuritriviaTests.swift */ = {isa = PBXFileReference; lastKnownFileType = sourcecode.swift; path = CuritriviaTests.swift; sourceTree = "<group>"; };
		3070DED82A792670000F73C6 /* CuritriviaUITests.xctest */ = {isa = PBXFileReference; explicitFileType = wrapper.cfbundle; includeInIndex = 0; path = CuritriviaUITests.xctest; sourceTree = BUILT_PRODUCTS_DIR; };
		3070DEDC2A792670000F73C6 /* CuritriviaUITests.swift */ = {isa = PBXFileReference; lastKnownFileType = sourcecode.swift; path = CuritriviaUITests.swift; sourceTree = "<group>"; };
		3070DEDE2A792670000F73C6 /* CuritriviaUITestsLaunchTests.swift */ = {isa = PBXFileReference; lastKnownFileType = sourcecode.swift; path = CuritriviaUITestsLaunchTests.swift; sourceTree = "<group>"; };
		3070DEEF2A7930AD000F73C6 /* Menu.swift */ = {isa = PBXFileReference; lastKnownFileType = sourcecode.swift; path = Menu.swift; sourceTree = "<group>"; };
		3070DEF32A7930DF000F73C6 /* ContentView.swift */ = {isa = PBXFileReference; lastKnownFileType = sourcecode.swift; path = ContentView.swift; sourceTree = "<group>"; };
		3070DEF62A793928000F73C6 /* Model.swift */ = {isa = PBXFileReference; lastKnownFileType = sourcecode.swift; path = Model.swift; sourceTree = "<group>"; };
		3070DEF82A793D3E000F73C6 /* Play.swift */ = {isa = PBXFileReference; lastKnownFileType = sourcecode.swift; path = Play.swift; sourceTree = "<group>"; };
		309D82872A7980320040471D /* QuestionView.swift */ = {isa = PBXFileReference; lastKnownFileType = sourcecode.swift; path = QuestionView.swift; sourceTree = "<group>"; };
		309D82892A799D170040471D /* StatsView.swift */ = {isa = PBXFileReference; lastKnownFileType = sourcecode.swift; path = StatsView.swift; sourceTree = "<group>"; };
		30A649592A79BBE400B3E0ED /* QuestionRepository.swift */ = {isa = PBXFileReference; lastKnownFileType = sourcecode.swift; path = QuestionRepository.swift; sourceTree = "<group>"; };
		30A6495D2A7AD33F00B3E0ED /* Assets.xcassets */ = {isa = PBXFileReference; lastKnownFileType = folder.assetcatalog; path = Assets.xcassets; sourceTree = "<group>"; };
		30A649612A7BD7B400B3E0ED /* RankingView.swift */ = {isa = PBXFileReference; lastKnownFileType = sourcecode.swift; path = RankingView.swift; sourceTree = "<group>"; };
		30A649632A7BDCB800B3E0ED /* RankingManager.swift */ = {isa = PBXFileReference; lastKnownFileType = sourcecode.swift; path = RankingManager.swift; sourceTree = "<group>"; };
/* End PBXFileReference section */

/* Begin PBXFrameworksBuildPhase section */
		3070DEBB2A79266E000F73C6 /* Frameworks */ = {
			isa = PBXFrameworksBuildPhase;
			buildActionMask = 2147483647;
			files = (
			);
			runOnlyForDeploymentPostprocessing = 0;
		};
		3070DECB2A792670000F73C6 /* Frameworks */ = {
			isa = PBXFrameworksBuildPhase;
			buildActionMask = 2147483647;
			files = (
			);
			runOnlyForDeploymentPostprocessing = 0;
		};
		3070DED52A792670000F73C6 /* Frameworks */ = {
			isa = PBXFrameworksBuildPhase;
			buildActionMask = 2147483647;
			files = (
			);
			runOnlyForDeploymentPostprocessing = 0;
		};
/* End PBXFrameworksBuildPhase section */

/* Begin PBXGroup section */
		3070DEB52A79266E000F73C6 = {
			isa = PBXGroup;
			children = (
				3070DEC02A79266F000F73C6 /* Curitrivia */,
				3070DED12A792670000F73C6 /* CuritriviaTests */,
				3070DEDB2A792670000F73C6 /* CuritriviaUITests */,
				3070DEBF2A79266F000F73C6 /* Products */,
			);
			sourceTree = "<group>";
		};
		3070DEBF2A79266F000F73C6 /* Products */ = {
			isa = PBXGroup;
			children = (
				3070DEBE2A79266F000F73C6 /* Curitrivia.app */,
				3070DECE2A792670000F73C6 /* CuritriviaTests.xctest */,
				3070DED82A792670000F73C6 /* CuritriviaUITests.xctest */,
			);
			name = Products;
			sourceTree = "<group>";
		};
		3070DEC02A79266F000F73C6 /* Curitrivia */ = {
			isa = PBXGroup;
			children = (
				3070DEF32A7930DF000F73C6 /* ContentView.swift */,
				3070DEC12A79266F000F73C6 /* CuritriviaApp.swift */,
				30A649592A79BBE400B3E0ED /* QuestionRepository.swift */,
				30A649632A7BDCB800B3E0ED /* RankingManager.swift */,
				3070DEF62A793928000F73C6 /* Model.swift */,
				3070DEF52A793100000F73C6 /* Views */,
				3070DEC72A79266F000F73C6 /* Preview Content */,
			);
			path = Curitrivia;
			sourceTree = "<group>";
		};
		3070DEC72A79266F000F73C6 /* Preview Content */ = {
			isa = PBXGroup;
			children = (
				3070DEC82A79266F000F73C6 /* Preview Assets.xcassets */,
			);
			path = "Preview Content";
			sourceTree = "<group>";
		};
		3070DED12A792670000F73C6 /* CuritriviaTests */ = {
			isa = PBXGroup;
			children = (
				3070DED22A792670000F73C6 /* CuritriviaTests.swift */,
			);
			path = CuritriviaTests;
			sourceTree = "<group>";
		};
		3070DEDB2A792670000F73C6 /* CuritriviaUITests */ = {
			isa = PBXGroup;
			children = (
				3070DEDC2A792670000F73C6 /* CuritriviaUITests.swift */,
				3070DEDE2A792670000F73C6 /* CuritriviaUITestsLaunchTests.swift */,
			);
			path = CuritriviaUITests;
			sourceTree = "<group>";
		};
		3070DEF52A793100000F73C6 /* Views */ = {
			isa = PBXGroup;
			children = (
				3070DEEF2A7930AD000F73C6 /* Menu.swift */,
				3070DEF82A793D3E000F73C6 /* Play.swift */,
				30A649612A7BD7B400B3E0ED /* RankingView.swift */,
				309D82872A7980320040471D /* QuestionView.swift */,
				309D82892A799D170040471D /* StatsView.swift */,
				30A6495D2A7AD33F00B3E0ED /* Assets.xcassets */,
			);
			path = Views;
			sourceTree = "<group>";
		};
/* End PBXGroup section */

/* Begin PBXNativeTarget section */
		3070DEBD2A79266E000F73C6 /* Curitrivia */ = {
			isa = PBXNativeTarget;
			buildConfigurationList = 3070DEE22A792670000F73C6 /* Build configuration list for PBXNativeTarget "Curitrivia" */;
			buildPhases = (
				3070DEBA2A79266E000F73C6 /* Sources */,
				3070DEBB2A79266E000F73C6 /* Frameworks */,
				3070DEBC2A79266E000F73C6 /* Resources */,
			);
			buildRules = (
			);
			dependencies = (
			);
			name = Curitrivia;
			productName = Curitrivia;
			productReference = 3070DEBE2A79266F000F73C6 /* Curitrivia.app */;
			productType = "com.apple.product-type.application";
		};
		3070DECD2A792670000F73C6 /* CuritriviaTests */ = {
			isa = PBXNativeTarget;
			buildConfigurationList = 3070DEE52A792670000F73C6 /* Build configuration list for PBXNativeTarget "CuritriviaTests" */;
			buildPhases = (
				3070DECA2A792670000F73C6 /* Sources */,
				3070DECB2A792670000F73C6 /* Frameworks */,
				3070DECC2A792670000F73C6 /* Resources */,
			);
			buildRules = (
			);
			dependencies = (
				3070DED02A792670000F73C6 /* PBXTargetDependency */,
			);
			name = CuritriviaTests;
			productName = CuritriviaTests;
			productReference = 3070DECE2A792670000F73C6 /* CuritriviaTests.xctest */;
			productType = "com.apple.product-type.bundle.unit-test";
		};
		3070DED72A792670000F73C6 /* CuritriviaUITests */ = {
			isa = PBXNativeTarget;
			buildConfigurationList = 3070DEE82A792670000F73C6 /* Build configuration list for PBXNativeTarget "CuritriviaUITests" */;
			buildPhases = (
				3070DED42A792670000F73C6 /* Sources */,
				3070DED52A792670000F73C6 /* Frameworks */,
				3070DED62A792670000F73C6 /* Resources */,
			);
			buildRules = (
			);
			dependencies = (
				3070DEDA2A792670000F73C6 /* PBXTargetDependency */,
			);
			name = CuritriviaUITests;
			productName = CuritriviaUITests;
			productReference = 3070DED82A792670000F73C6 /* CuritriviaUITests.xctest */;
			productType = "com.apple.product-type.bundle.ui-testing";
		};
/* End PBXNativeTarget section */

/* Begin PBXProject section */
		3070DEB62A79266E000F73C6 /* Project object */ = {
			isa = PBXProject;
			attributes = {
				BuildIndependentTargetsInParallel = 1;
				LastSwiftUpdateCheck = 1430;
				LastUpgradeCheck = 1430;
				TargetAttributes = {
					3070DEBD2A79266E000F73C6 = {
						CreatedOnToolsVersion = 14.3.1;
					};
					3070DECD2A792670000F73C6 = {
						CreatedOnToolsVersion = 14.3.1;
						TestTargetID = 3070DEBD2A79266E000F73C6;
					};
					3070DED72A792670000F73C6 = {
						CreatedOnToolsVersion = 14.3.1;
						TestTargetID = 3070DEBD2A79266E000F73C6;
					};
				};
			};
			buildConfigurationList = 3070DEB92A79266E000F73C6 /* Build configuration list for PBXProject "Curitrivia" */;
			compatibilityVersion = "Xcode 14.0";
			developmentRegion = en;
			hasScannedForEncodings = 0;
			knownRegions = (
				en,
				Base,
			);
			mainGroup = 3070DEB52A79266E000F73C6;
			productRefGroup = 3070DEBF2A79266F000F73C6 /* Products */;
			projectDirPath = "";
			projectRoot = "";
			targets = (
				3070DEBD2A79266E000F73C6 /* Curitrivia */,
				3070DECD2A792670000F73C6 /* CuritriviaTests */,
				3070DED72A792670000F73C6 /* CuritriviaUITests */,
			);
		};
/* End PBXProject section */

/* Begin PBXResourcesBuildPhase section */
		3070DEBC2A79266E000F73C6 /* Resources */ = {
			isa = PBXResourcesBuildPhase;
			buildActionMask = 2147483647;
			files = (
				30A6495E2A7AD33F00B3E0ED /* Assets.xcassets in Resources */,
				3070DEC92A79266F000F73C6 /* Preview Assets.xcassets in Resources */,
			);
			runOnlyForDeploymentPostprocessing = 0;
		};
		3070DECC2A792670000F73C6 /* Resources */ = {
			isa = PBXResourcesBuildPhase;
			buildActionMask = 2147483647;
			files = (
			);
			runOnlyForDeploymentPostprocessing = 0;
		};
		3070DED62A792670000F73C6 /* Resources */ = {
			isa = PBXResourcesBuildPhase;
			buildActionMask = 2147483647;
			files = (
			);
			runOnlyForDeploymentPostprocessing = 0;
		};
/* End PBXResourcesBuildPhase section */

/* Begin PBXSourcesBuildPhase section */
		3070DEBA2A79266E000F73C6 /* Sources */ = {
			isa = PBXSourcesBuildPhase;
			buildActionMask = 2147483647;
			files = (
				3070DEF02A7930AD000F73C6 /* Menu.swift in Sources */,
				3070DEC22A79266F000F73C6 /* CuritriviaApp.swift in Sources */,
				3070DEF42A7930DF000F73C6 /* ContentView.swift in Sources */,
				30A649642A7BDCB800B3E0ED /* RankingManager.swift in Sources */,
				30A6495A2A79BBE400B3E0ED /* QuestionRepository.swift in Sources */,
				3070DEF72A793928000F73C6 /* Model.swift in Sources */,
				309D82882A7980320040471D /* QuestionView.swift in Sources */,
				30A649622A7BD7B400B3E0ED /* RankingView.swift in Sources */,
				309D828A2A799D170040471D /* StatsView.swift in Sources */,
				3070DEF92A793D3E000F73C6 /* Play.swift in Sources */,
			);
			runOnlyForDeploymentPostprocessing = 0;
		};
		3070DECA2A792670000F73C6 /* Sources */ = {
			isa = PBXSourcesBuildPhase;
			buildActionMask = 2147483647;
			files = (
				3070DED32A792670000F73C6 /* CuritriviaTests.swift in Sources */,
			);
			runOnlyForDeploymentPostprocessing = 0;
		};
		3070DED42A792670000F73C6 /* Sources */ = {
			isa = PBXSourcesBuildPhase;
			buildActionMask = 2147483647;
			files = (
				3070DEDF2A792670000F73C6 /* CuritriviaUITestsLaunchTests.swift in Sources */,
				3070DEDD2A792670000F73C6 /* CuritriviaUITests.swift in Sources */,
			);
			runOnlyForDeploymentPostprocessing = 0;
		};
/* End PBXSourcesBuildPhase section */

/* Begin PBXTargetDependency section */
		3070DED02A792670000F73C6 /* PBXTargetDependency */ = {
			isa = PBXTargetDependency;
			target = 3070DEBD2A79266E000F73C6 /* Curitrivia */;
			targetProxy = 3070DECF2A792670000F73C6 /* PBXContainerItemProxy */;
		};
		3070DEDA2A792670000F73C6 /* PBXTargetDependency */ = {
			isa = PBXTargetDependency;
			target = 3070DEBD2A79266E000F73C6 /* Curitrivia */;
			targetProxy = 3070DED92A792670000F73C6 /* PBXContainerItemProxy */;
		};
/* End PBXTargetDependency section */

/* Begin XCBuildConfiguration section */
		3070DEE02A792670000F73C6 /* Debug */ = {
			isa = XCBuildConfiguration;
			buildSettings = {
				ALWAYS_SEARCH_USER_PATHS = NO;
				CLANG_ANALYZER_NONNULL = YES;
				CLANG_ANALYZER_NUMBER_OBJECT_CONVERSION = YES_AGGRESSIVE;
				CLANG_CXX_LANGUAGE_STANDARD = "gnu++20";
				CLANG_ENABLE_MODULES = YES;
				CLANG_ENABLE_OBJC_ARC = YES;
				CLANG_ENABLE_OBJC_WEAK = YES;
				CLANG_WARN_BLOCK_CAPTURE_AUTORELEASING = YES;
				CLANG_WARN_BOOL_CONVERSION = YES;
				CLANG_WARN_COMMA = YES;
				CLANG_WARN_CONSTANT_CONVERSION = YES;
				CLANG_WARN_DEPRECATED_OBJC_IMPLEMENTATIONS = YES;
				CLANG_WARN_DIRECT_OBJC_ISA_USAGE = YES_ERROR;
				CLANG_WARN_DOCUMENTATION_COMMENTS = YES;
				CLANG_WARN_EMPTY_BODY = YES;
				CLANG_WARN_ENUM_CONVERSION = YES;
				CLANG_WARN_INFINITE_RECURSION = YES;
				CLANG_WARN_INT_CONVERSION = YES;
				CLANG_WARN_NON_LITERAL_NULL_CONVERSION = YES;
				CLANG_WARN_OBJC_IMPLICIT_RETAIN_SELF = YES;
				CLANG_WARN_OBJC_LITERAL_CONVERSION = YES;
				CLANG_WARN_OBJC_ROOT_CLASS = YES_ERROR;
				CLANG_WARN_QUOTED_INCLUDE_IN_FRAMEWORK_HEADER = YES;
				CLANG_WARN_RANGE_LOOP_ANALYSIS = YES;
				CLANG_WARN_STRICT_PROTOTYPES = YES;
				CLANG_WARN_SUSPICIOUS_MOVE = YES;
				CLANG_WARN_UNGUARDED_AVAILABILITY = YES_AGGRESSIVE;
				CLANG_WARN_UNREACHABLE_CODE = YES;
				CLANG_WARN__DUPLICATE_METHOD_MATCH = YES;
				COPY_PHASE_STRIP = NO;
				DEBUG_INFORMATION_FORMAT = dwarf;
				ENABLE_STRICT_OBJC_MSGSEND = YES;
				ENABLE_TESTABILITY = YES;
				GCC_C_LANGUAGE_STANDARD = gnu11;
				GCC_DYNAMIC_NO_PIC = NO;
				GCC_NO_COMMON_BLOCKS = YES;
				GCC_OPTIMIZATION_LEVEL = 0;
				GCC_PREPROCESSOR_DEFINITIONS = (
					"DEBUG=1",
					"$(inherited)",
				);
				GCC_WARN_64_TO_32_BIT_CONVERSION = YES;
				GCC_WARN_ABOUT_RETURN_TYPE = YES_ERROR;
				GCC_WARN_UNDECLARED_SELECTOR = YES;
				GCC_WARN_UNINITIALIZED_AUTOS = YES_AGGRESSIVE;
				GCC_WARN_UNUSED_FUNCTION = YES;
				GCC_WARN_UNUSED_VARIABLE = YES;
				IPHONEOS_DEPLOYMENT_TARGET = 16.4;
				MTL_ENABLE_DEBUG_INFO = INCLUDE_SOURCE;
				MTL_FAST_MATH = YES;
				ONLY_ACTIVE_ARCH = YES;
				SDKROOT = iphoneos;
				SWIFT_ACTIVE_COMPILATION_CONDITIONS = DEBUG;
				SWIFT_OPTIMIZATION_LEVEL = "-Onone";
			};
			name = Debug;
		};
		3070DEE12A792670000F73C6 /* Release */ = {
			isa = XCBuildConfiguration;
			buildSettings = {
				ALWAYS_SEARCH_USER_PATHS = NO;
				CLANG_ANALYZER_NONNULL = YES;
				CLANG_ANALYZER_NUMBER_OBJECT_CONVERSION = YES_AGGRESSIVE;
				CLANG_CXX_LANGUAGE_STANDARD = "gnu++20";
				CLANG_ENABLE_MODULES = YES;
				CLANG_ENABLE_OBJC_ARC = YES;
				CLANG_ENABLE_OBJC_WEAK = YES;
				CLANG_WARN_BLOCK_CAPTURE_AUTORELEASING = YES;
				CLANG_WARN_BOOL_CONVERSION = YES;
				CLANG_WARN_COMMA = YES;
				CLANG_WARN_CONSTANT_CONVERSION = YES;
				CLANG_WARN_DEPRECATED_OBJC_IMPLEMENTATIONS = YES;
				CLANG_WARN_DIRECT_OBJC_ISA_USAGE = YES_ERROR;
				CLANG_WARN_DOCUMENTATION_COMMENTS = YES;
				CLANG_WARN_EMPTY_BODY = YES;
				CLANG_WARN_ENUM_CONVERSION = YES;
				CLANG_WARN_INFINITE_RECURSION = YES;
				CLANG_WARN_INT_CONVERSION = YES;
				CLANG_WARN_NON_LITERAL_NULL_CONVERSION = YES;
				CLANG_WARN_OBJC_IMPLICIT_RETAIN_SELF = YES;
				CLANG_WARN_OBJC_LITERAL_CONVERSION = YES;
				CLANG_WARN_OBJC_ROOT_CLASS = YES_ERROR;
				CLANG_WARN_QUOTED_INCLUDE_IN_FRAMEWORK_HEADER = YES;
				CLANG_WARN_RANGE_LOOP_ANALYSIS = YES;
				CLANG_WARN_STRICT_PROTOTYPES = YES;
				CLANG_WARN_SUSPICIOUS_MOVE = YES;
				CLANG_WARN_UNGUARDED_AVAILABILITY = YES_AGGRESSIVE;
				CLANG_WARN_UNREACHABLE_CODE = YES;
				CLANG_WARN__DUPLICATE_METHOD_MATCH = YES;
				COPY_PHASE_STRIP = NO;
				DEBUG_INFORMATION_FORMAT = "dwarf-with-dsym";
				ENABLE_NS_ASSERTIONS = NO;
				ENABLE_STRICT_OBJC_MSGSEND = YES;
				GCC_C_LANGUAGE_STANDARD = gnu11;
				GCC_NO_COMMON_BLOCKS = YES;
				GCC_WARN_64_TO_32_BIT_CONVERSION = YES;
				GCC_WARN_ABOUT_RETURN_TYPE = YES_ERROR;
				GCC_WARN_UNDECLARED_SELECTOR = YES;
				GCC_WARN_UNINITIALIZED_AUTOS = YES_AGGRESSIVE;
				GCC_WARN_UNUSED_FUNCTION = YES;
				GCC_WARN_UNUSED_VARIABLE = YES;
				IPHONEOS_DEPLOYMENT_TARGET = 16.4;
				MTL_ENABLE_DEBUG_INFO = NO;
				MTL_FAST_MATH = YES;
				SDKROOT = iphoneos;
				SWIFT_COMPILATION_MODE = wholemodule;
				SWIFT_OPTIMIZATION_LEVEL = "-O";
				VALIDATE_PRODUCT = YES;
			};
			name = Release;
		};
		3070DEE32A792670000F73C6 /* Debug */ = {
			isa = XCBuildConfiguration;
			buildSettings = {
				ASSETCATALOG_COMPILER_APPICON_NAME = AppIcon;
				ASSETCATALOG_COMPILER_GLOBAL_ACCENT_COLOR_NAME = AccentColor;
				CODE_SIGN_STYLE = Automatic;
				CURRENT_PROJECT_VERSION = 1;
				DEVELOPMENT_ASSET_PATHS = "\"Curitrivia/Preview Content\"";
				DEVELOPMENT_TEAM = 88S5LUXP9X;
				ENABLE_PREVIEWS = YES;
				GENERATE_INFOPLIST_FILE = YES;
				INFOPLIST_KEY_UIApplicationSceneManifest_Generation = YES;
				INFOPLIST_KEY_UIApplicationSupportsIndirectInputEvents = YES;
				INFOPLIST_KEY_UILaunchScreen_Generation = YES;
				INFOPLIST_KEY_UISupportedInterfaceOrientations_iPad = "UIInterfaceOrientationPortrait UIInterfaceOrientationPortraitUpsideDown UIInterfaceOrientationLandscapeLeft UIInterfaceOrientationLandscapeRight";
				INFOPLIST_KEY_UISupportedInterfaceOrientations_iPhone = "UIInterfaceOrientationPortrait UIInterfaceOrientationLandscapeLeft UIInterfaceOrientationLandscapeRight";
				LD_RUNPATH_SEARCH_PATHS = (
					"$(inherited)",
					"@executable_path/Frameworks",
				);
				MARKETING_VERSION = 1.0;
				PRODUCT_BUNDLE_IDENTIFIER = apple.Curitrivia;
				PRODUCT_NAME = "$(TARGET_NAME)";
				SWIFT_EMIT_LOC_STRINGS = YES;
				SWIFT_VERSION = 5.0;
				TARGETED_DEVICE_FAMILY = "1,2";
			};
			name = Debug;
		};
		3070DEE42A792670000F73C6 /* Release */ = {
			isa = XCBuildConfiguration;
			buildSettings = {
				ASSETCATALOG_COMPILER_APPICON_NAME = AppIcon;
				ASSETCATALOG_COMPILER_GLOBAL_ACCENT_COLOR_NAME = AccentColor;
				CODE_SIGN_STYLE = Automatic;
				CURRENT_PROJECT_VERSION = 1;
				DEVELOPMENT_ASSET_PATHS = "\"Curitrivia/Preview Content\"";
				DEVELOPMENT_TEAM = 88S5LUXP9X;
				ENABLE_PREVIEWS = YES;
				GENERATE_INFOPLIST_FILE = YES;
				INFOPLIST_KEY_UIApplicationSceneManifest_Generation = YES;
				INFOPLIST_KEY_UIApplicationSupportsIndirectInputEvents = YES;
				INFOPLIST_KEY_UILaunchScreen_Generation = YES;
				INFOPLIST_KEY_UISupportedInterfaceOrientations_iPad = "UIInterfaceOrientationPortrait UIInterfaceOrientationPortraitUpsideDown UIInterfaceOrientationLandscapeLeft UIInterfaceOrientationLandscapeRight";
				INFOPLIST_KEY_UISupportedInterfaceOrientations_iPhone = "UIInterfaceOrientationPortrait UIInterfaceOrientationLandscapeLeft UIInterfaceOrientationLandscapeRight";
				LD_RUNPATH_SEARCH_PATHS = (
					"$(inherited)",
					"@executable_path/Frameworks",
				);
				MARKETING_VERSION = 1.0;
				PRODUCT_BUNDLE_IDENTIFIER = apple.Curitrivia;
				PRODUCT_NAME = "$(TARGET_NAME)";
				SWIFT_EMIT_LOC_STRINGS = YES;
				SWIFT_VERSION = 5.0;
				TARGETED_DEVICE_FAMILY = "1,2";
			};
			name = Release;
		};
		3070DEE62A792670000F73C6 /* Debug */ = {
			isa = XCBuildConfiguration;
			buildSettings = {
				ALWAYS_EMBED_SWIFT_STANDARD_LIBRARIES = YES;
				BUNDLE_LOADER = "$(TEST_HOST)";
				CODE_SIGN_STYLE = Automatic;
				CURRENT_PROJECT_VERSION = 1;
				DEVELOPMENT_TEAM = 88S5LUXP9X;
				GENERATE_INFOPLIST_FILE = YES;
				IPHONEOS_DEPLOYMENT_TARGET = 16.4;
				MARKETING_VERSION = 1.0;
				PRODUCT_BUNDLE_IDENTIFIER = apple.CuritriviaTests;
				PRODUCT_NAME = "$(TARGET_NAME)";
				SWIFT_EMIT_LOC_STRINGS = NO;
				SWIFT_VERSION = 5.0;
				TARGETED_DEVICE_FAMILY = "1,2";
				TEST_HOST = "$(BUILT_PRODUCTS_DIR)/Curitrivia.app/$(BUNDLE_EXECUTABLE_FOLDER_PATH)/Curitrivia";
			};
			name = Debug;
		};
		3070DEE72A792670000F73C6 /* Release */ = {
			isa = XCBuildConfiguration;
			buildSettings = {
				ALWAYS_EMBED_SWIFT_STANDARD_LIBRARIES = YES;
				BUNDLE_LOADER = "$(TEST_HOST)";
				CODE_SIGN_STYLE = Automatic;
				CURRENT_PROJECT_VERSION = 1;
				DEVELOPMENT_TEAM = 88S5LUXP9X;
				GENERATE_INFOPLIST_FILE = YES;
				IPHONEOS_DEPLOYMENT_TARGET = 16.4;
				MARKETING_VERSION = 1.0;
				PRODUCT_BUNDLE_IDENTIFIER = apple.CuritriviaTests;
				PRODUCT_NAME = "$(TARGET_NAME)";
				SWIFT_EMIT_LOC_STRINGS = NO;
				SWIFT_VERSION = 5.0;
				TARGETED_DEVICE_FAMILY = "1,2";
				TEST_HOST = "$(BUILT_PRODUCTS_DIR)/Curitrivia.app/$(BUNDLE_EXECUTABLE_FOLDER_PATH)/Curitrivia";
			};
			name = Release;
		};
		3070DEE92A792670000F73C6 /* Debug */ = {
			isa = XCBuildConfiguration;
			buildSettings = {
				ALWAYS_EMBED_SWIFT_STANDARD_LIBRARIES = YES;
				CODE_SIGN_STYLE = Automatic;
				CURRENT_PROJECT_VERSION = 1;
				DEVELOPMENT_TEAM = 88S5LUXP9X;
				GENERATE_INFOPLIST_FILE = YES;
				MARKETING_VERSION = 1.0;
				PRODUCT_BUNDLE_IDENTIFIER = apple.CuritriviaUITests;
				PRODUCT_NAME = "$(TARGET_NAME)";
				SWIFT_EMIT_LOC_STRINGS = NO;
				SWIFT_VERSION = 5.0;
				TARGETED_DEVICE_FAMILY = "1,2";
				TEST_TARGET_NAME = Curitrivia;
			};
			name = Debug;
		};
		3070DEEA2A792670000F73C6 /* Release */ = {
			isa = XCBuildConfiguration;
			buildSettings = {
				ALWAYS_EMBED_SWIFT_STANDARD_LIBRARIES = YES;
				CODE_SIGN_STYLE = Automatic;
				CURRENT_PROJECT_VERSION = 1;
				DEVELOPMENT_TEAM = 88S5LUXP9X;
				GENERATE_INFOPLIST_FILE = YES;
				MARKETING_VERSION = 1.0;
				PRODUCT_BUNDLE_IDENTIFIER = apple.CuritriviaUITests;
				PRODUCT_NAME = "$(TARGET_NAME)";
				SWIFT_EMIT_LOC_STRINGS = NO;
				SWIFT_VERSION = 5.0;
				TARGETED_DEVICE_FAMILY = "1,2";
				TEST_TARGET_NAME = Curitrivia;
			};
			name = Release;
		};
/* End XCBuildConfiguration section */

/* Begin XCConfigurationList section */
		3070DEB92A79266E000F73C6 /* Build configuration list for PBXProject "Curitrivia" */ = {
			isa = XCConfigurationList;
			buildConfigurations = (
				3070DEE02A792670000F73C6 /* Debug */,
				3070DEE12A792670000F73C6 /* Release */,
			);
			defaultConfigurationIsVisible = 0;
			defaultConfigurationName = Release;
		};
		3070DEE22A792670000F73C6 /* Build configuration list for PBXNativeTarget "Curitrivia" */ = {
			isa = XCConfigurationList;
			buildConfigurations = (
				3070DEE32A792670000F73C6 /* Debug */,
				3070DEE42A792670000F73C6 /* Release */,
			);
			defaultConfigurationIsVisible = 0;
			defaultConfigurationName = Release;
		};
		3070DEE52A792670000F73C6 /* Build configuration list for PBXNativeTarget "CuritriviaTests" */ = {
			isa = XCConfigurationList;
			buildConfigurations = (
				3070DEE62A792670000F73C6 /* Debug */,
				3070DEE72A792670000F73C6 /* Release */,
			);
			defaultConfigurationIsVisible = 0;
			defaultConfigurationName = Release;
		};
		3070DEE82A792670000F73C6 /* Build configuration list for PBXNativeTarget "CuritriviaUITests" */ = {
			isa = XCConfigurationList;
			buildConfigurations = (
				3070DEE92A792670000F73C6 /* Debug */,
				3070DEEA2A792670000F73C6 /* Release */,
			);
			defaultConfigurationIsVisible = 0;
			defaultConfigurationName = Release;
		};
/* End XCConfigurationList section */
	};
	rootObject = 3070DEB62A79266E000F73C6 /* Project object */;
}
